<?xml version="1.0" encoding="utf-8"?>
<Project ToolsVersion="4.0" xmlns="http://schemas.microsoft.com/developer/msbuild/2003">
  <ItemGroup>
    <Filter Include="Source Files">
      <UniqueIdentifier>{4FC737F1-C7A5-4376-A066-2A32D752A2FF}</UniqueIdentifier>
      <Extensions>cpp;c;cc;cxx;def;odl;idl;hpj;bat;asm;asmx</Extensions>
    </Filter>
    <Filter Include="Header Files">
      <UniqueIdentifier>{93995380-89BD-4b04-88EB-625FBE52EBFB}</UniqueIdentifier>
      <Extensions>h;hh;hpp;hxx;hm;inl;inc;xsd</Extensions>
    </Filter>
    <Filter Include="imgui">
      <UniqueIdentifier>{f68ca0a7-23d2-4a8c-86a6-dd33452d8174}</UniqueIdentifier>
    </Filter>
    <Filter Include="Framework">
      <UniqueIdentifier>{4ebd4675-962f-4834-987c-01b498edd9cd}</UniqueIdentifier>
    </Filter>
    <Filter Include="ECS">
      <UniqueIdentifier>{df1be672-1c40-465c-8ba3-95cd6f2af3de}</UniqueIdentifier>
    </Filter>
    <Filter Include="ECS\Systems">
      <UniqueIdentifier>{bc4d7abb-ce6b-4ffa-b79d-cbe282087070}</UniqueIdentifier>
    </Filter>
    <Filter Include="ECS\Components">
      <UniqueIdentifier>{79a8b681-833f-4415-b0ce-2372ab02f8c5}</UniqueIdentifier>
    </Filter>
  </ItemGroup>
  <ItemGroup>
    <Text Include="ReadMe.txt" />
  </ItemGroup>
  <ItemGroup>
    <ClInclude Include="stdafx.h">
      <Filter>Header Files</Filter>
    </ClInclude>
    <ClInclude Include="targetver.h">
      <Filter>Header Files</Filter>
    </ClInclude>
    <ClInclude Include="BasicTypes.h">
      <Filter>Header Files</Filter>
    </ClInclude>
    <ClInclude Include="Game.h">
      <Filter>Header Files</Filter>
    </ClInclude>
    <ClInclude Include="LTimer.h">
      <Filter>Header Files</Filter>
    </ClInclude>
    <ClInclude Include="imconfig.h">
      <Filter>imgui</Filter>
    </ClInclude>
    <ClInclude Include="imgui.h">
      <Filter>imgui</Filter>
    </ClInclude>
    <ClInclude Include="imgui_internal.h">
      <Filter>imgui</Filter>
    </ClInclude>
    <ClInclude Include="stb_rect_pack.h">
      <Filter>imgui</Filter>
    </ClInclude>
    <ClInclude Include="stb_textedit.h">
      <Filter>imgui</Filter>
    </ClInclude>
    <ClInclude Include="stb_truetype.h">
      <Filter>imgui</Filter>
    </ClInclude>
    <ClInclude Include="imgui_impl_sdl_gl3.h">
      <Filter>imgui</Filter>
    </ClInclude>
    <ClInclude Include="ECSInterfaces.h">
      <Filter>Framework</Filter>
    </ClInclude>
    <ClInclude Include="SyncManager.h">
      <Filter>Framework</Filter>
    </ClInclude>
    <ClInclude Include="Singleton.h">
      <Filter>Framework</Filter>
    </ClInclude>
    <ClInclude Include="AutoMapper.h">
      <Filter>Framework</Filter>
    </ClInclude>
    <ClInclude Include="TaskQueue.h">
      <Filter>Framework</Filter>
    </ClInclude>
    <ClInclude Include="SystemManager.h">
      <Filter>Framework</Filter>
    </ClInclude>
    <ClInclude Include="RenderSystem.h">
      <Filter>ECS\Systems</Filter>
    </ClInclude>
    <ClInclude Include="Framework.h">
      <Filter>Framework</Filter>
    </ClInclude>
    <ClInclude Include="UISystem.h">
      <Filter>ECS\Systems</Filter>
    </ClInclude>
  </ItemGroup>
  <ItemGroup>
    <ClCompile Include="stdafx.cpp">
      <Filter>Source Files</Filter>
    </ClCompile>
    <ClCompile Include="FYP.cpp">
      <Filter>Source Files</Filter>
    </ClCompile>
    <ClCompile Include="Game.cpp">
      <Filter>Source Files</Filter>
    </ClCompile>
    <ClCompile Include="LTimer.cpp">
      <Filter>Source Files</Filter>
    </ClCompile>
    <ClCompile Include="imgui.cpp">
      <Filter>imgui</Filter>
    </ClCompile>
    <ClCompile Include="imgui_demo.cpp">
      <Filter>imgui</Filter>
    </ClCompile>
    <ClCompile Include="imgui_draw.cpp">
      <Filter>imgui</Filter>
    </ClCompile>
    <ClCompile Include="imgui_impl_sdl_gl3.cpp">
      <Filter>imgui</Filter>
    </ClCompile>
    <ClCompile Include="TaskQueue.cpp">
      <Filter>Framework</Filter>
    </ClCompile>
    <ClCompile Include="SyncManager.cpp">
      <Filter>Framework</Filter>
    </ClCompile>
  </ItemGroup>
</Project>